
Microsoft Visual Studio Solution File, Format Version 12.00
# Visual Studio Version 17
VisualStudioVersion = 17.3.32929.385
MinimumVisualStudioVersion = 10.0.40219.1
Project("{FAE04EC0-301F-11D3-BF4B-00C04F79EFBC}") = "Selenium_HW", "Selenium_HW.csproj", "{D8F395F4-25FF-47E6-BCD1-F23010E64F02}"
EndProject
Global
	GlobalSection(SolutionConfigurationPlatforms) = preSolution
		Debug|Any CPU = Debug|Any CPU
		Release|Any CPU = Release|Any CPU
	EndGlobalSection
	GlobalSection(ProjectConfigurationPlatforms) = postSolution
		{D8F395F4-25FF-47E6-BCD1-F23010E64F02}.Debug|Any CPU.ActiveCfg = Debug|Any CPU
		{D8F395F4-25FF-47E6-BCD1-F23010E64F02}.Debug|Any CPU.Build.0 = Debug|Any CPU
		{D8F395F4-25FF-47E6-BCD1-F23010E64F02}.Release|Any CPU.ActiveCfg = Release|Any CPU
		{D8F395F4-25FF-47E6-BCD1-F23010E64F02}.Release|Any CPU.Build.0 = Release|Any CPU
	EndGlobalSection
	GlobalSection(SolutionProperties) = preSolution
		HideSolutionNode = FALSE
	EndGlobalSection
	GlobalSection(ExtensibilityGlobals) = postSolution
		SolutionGuid = {B708D275-688D-49A1-AA27-DA38D4DA4D30}
	EndGlobalSection
EndGlobal
